<?xml version="1.0" encoding="utf-8"?>
<Project ToolsVersion="4.0" xmlns="http://schemas.microsoft.com/developer/msbuild/2003">
  <ItemGroup>
    <ClCompile Include="第一章 基础数据结构\List.cpp" />
    <ClCompile Include="第一章 基础数据结构\Stack.cpp" />
    <ClCompile Include="main.cpp" />
    <ClCompile Include="第一章 基础数据结构\Tree.cpp" />
  </ItemGroup>
</Project>